
Microsoft Visual Studio Solution File, Format Version 12.00
# Visual Studio Version 17
VisualStudioVersion = 17.6.33815.320
MinimumVisualStudioVersion = 10.0.40219.1
Project("{FAE04EC0-301F-11D3-BF4B-00C04F79EFBC}") = "TvsTraining", "TvsTraining.csproj", "{6453B261-D976-48A9-8363-A636FA866B34}"
EndProject
Global
	GlobalSection(SolutionConfigurationPlatforms) = preSolution
		Debug|Any CPU = Debug|Any CPU
		Release|Any CPU = Release|Any CPU
	EndGlobalSection
	GlobalSection(ProjectConfigurationPlatforms) = postSolution
		{6453B261-D976-48A9-8363-A636FA866B34}.Debug|Any CPU.ActiveCfg = Debug|Any CPU
		{6453B261-D976-48A9-8363-A636FA866B34}.Debug|Any CPU.Build.0 = Debug|Any CPU
		{6453B261-D976-48A9-8363-A636FA866B34}.Release|Any CPU.ActiveCfg = Release|Any CPU
		{6453B261-D976-48A9-8363-A636FA866B34}.Release|Any CPU.Build.0 = Release|Any CPU
	EndGlobalSection
	GlobalSection(SolutionProperties) = preSolution
		HideSolutionNode = FALSE
	EndGlobalSection
	GlobalSection(ExtensibilityGlobals) = postSolution
		SolutionGuid = {7FD2FCF4-008D-44C4-B412-DFA0DB307222}
	EndGlobalSection
EndGlobal
